
Microsoft Visual Studio Solution File, Format Version 12.00
# Visual Studio Version 17
VisualStudioVersion = 17.2.32630.192
MinimumVisualStudioVersion = 10.0.40219.1
Project("{FAE04EC0-301F-11D3-BF4B-00C04F79EFBC}") = "API_SpringLibrary", "API_SpringLibrary\API_SpringLibrary.csproj", "{C545DBC0-26F2-4B43-89FB-27C42A792AC5}"
EndProject
Global
	GlobalSection(SolutionConfigurationPlatforms) = preSolution
		Debug|Any CPU = Debug|Any CPU
		Release|Any CPU = Release|Any CPU
	EndGlobalSection
	GlobalSection(ProjectConfigurationPlatforms) = postSolution
		{C545DBC0-26F2-4B43-89FB-27C42A792AC5}.Debug|Any CPU.ActiveCfg = Debug|Any CPU
		{C545DBC0-26F2-4B43-89FB-27C42A792AC5}.Debug|Any CPU.Build.0 = Debug|Any CPU
		{C545DBC0-26F2-4B43-89FB-27C42A792AC5}.Release|Any CPU.ActiveCfg = Release|Any CPU
		{C545DBC0-26F2-4B43-89FB-27C42A792AC5}.Release|Any CPU.Build.0 = Release|Any CPU
	EndGlobalSection
	GlobalSection(SolutionProperties) = preSolution
		HideSolutionNode = FALSE
	EndGlobalSection
	GlobalSection(ExtensibilityGlobals) = postSolution
		SolutionGuid = {148792AA-7769-4631-9BA2-C432B7DDCEAA}
	EndGlobalSection
EndGlobal
